
Microsoft Visual Studio Solution File, Format Version 12.00
# Visual Studio 15
VisualStudioVersion = 15.0.28307.329
MinimumVisualStudioVersion = 10.0.40219.1
Project("{FAE04EC0-301F-11D3-BF4B-00C04F79EFBC}") = "Composite", "Composite.csproj", "{DE3D3422-23DD-4F66-9A8F-A5264E656936}"
EndProject
Global
	GlobalSection(SolutionConfigurationPlatforms) = preSolution
		Debug|Any CPU = Debug|Any CPU
		Release|Any CPU = Release|Any CPU
	EndGlobalSection
	GlobalSection(ProjectConfigurationPlatforms) = postSolution
		{DE3D3422-23DD-4F66-9A8F-A5264E656936}.Debug|Any CPU.ActiveCfg = Debug|Any CPU
		{DE3D3422-23DD-4F66-9A8F-A5264E656936}.Debug|Any CPU.Build.0 = Debug|Any CPU
		{DE3D3422-23DD-4F66-9A8F-A5264E656936}.Release|Any CPU.ActiveCfg = Release|Any CPU
		{DE3D3422-23DD-4F66-9A8F-A5264E656936}.Release|Any CPU.Build.0 = Release|Any CPU
	EndGlobalSection
	GlobalSection(SolutionProperties) = preSolution
		HideSolutionNode = FALSE
	EndGlobalSection
	GlobalSection(ExtensibilityGlobals) = postSolution
		SolutionGuid = {8AE9E674-1219-4483-BBF2-F16C1095D104}
	EndGlobalSection
EndGlobal
